{
    "_readme": [
        "This file locks the dependencies of your project to a known state",
        "Read more about it at https://getcomposer.org/doc/01-basic-usage.md#installing-dependencies",
        "This file is @generated automatically"
    ],
    "content-hash": "ddc17a520900257e633345e3f3686b7b",
    "packages": [
        {
            "name": "tyhp/core",
            "version": "802.0.1",
            "dist": {
                "type": "path",
                "url": "../dist/tyhp-core/802.latest",
                "reference": "aae8aff503e0dbac9ad9ae16de40f4370acf809c"
            },
            "require": {
                "composer-plugin-api": "^2.3",
                "php": ">=8.2"
            },
            "require-dev": {
                "tyhpdef/php": "@dev",
                "tyhpdef/php-ext-mbstring": "@dev"
            },
            "suggest": {
                "ext-mbstring": "Unicode-aware string methods (length, substring, toUpper, …); byte APIs are used when missing"
            },
            "type": "composer-plugin",
            "extra": {
                "tyhp": {
                    "interopContractVersion": 1,
                    "require": {
                        "tyhpdef/php": "@dev"
                    },
                    "package": {
                        "include": [
                            "./package.tyhpdef"
                        ],
                        "exclude": [],
                        "overlay": [],
                        "source": {
                            "tagless": false
                        }
                    }
                },
                "class": "Tyhp\\Composer\\Plugin"
            },
            "autoload": {
                "psr-4": {
                    "Tyhp\\": "src/Tyhp/",
                    "Tyhp\\Composer\\": "plugin/"
                }
            },
            "license": [
                "Apache-2.0"
            ],
            "description": "Tyhp runtime core (PHP 8.2) — type system, generics, typed variables, property accessors",
            "transport-options": {
                "relative": true
            }
        }
    ],
    "packages-dev": [
        {
            "name": "tyhp/compiler",
            "version": "805.1.0",
            "dist": {
                "type": "path",
                "url": "../compiler",
                "reference": "9fbbc3a8684f1b89f71ceca295268b36a06ef87e"
            },
            "require": {
                "ext-curl": "*",
                "php": ">=8.2",
                "tyhp/core": "@dev"
            },
            "require-dev": {
                "phpunit/phpunit": "^10.0 || ^11.0",
                "tyhpdef/php": "@dev",
                "tyhpdef/php-ext-curl": "@dev"
            },
            "bin": [
                "bin/tyhp"
            ],
            "type": "library",
            "autoload": {
                "psr-4": {
                    "Tyhp\\Compiler\\": "src/Tyhp/Compiler/"
                }
            },
            "autoload-dev": {
                "psr-4": {
                    "Tyhp\\Compiler\\Tests\\": "tests/"
                }
            },
            "license": [
                "Apache-2.0"
            ],
            "description": "PHP shim for the Tyhp native compiler CLI (vendor/bin/tyhp)",
            "homepage": "https://github.com/tyhpproject/tyhp",
            "keywords": [
                "compiler",
                "tyhp"
            ],
            "support": {
                "issues": "https://github.com/tyhpproject/tyhp/issues",
                "source": "https://github.com/tyhpproject/tyhp"
            },
            "transport-options": {
                "relative": true
            }
        },
        {
            "name": "tyhpdef/php",
            "version": "0.0.1",
            "dist": {
                "type": "path",
                "url": "../php",
                "reference": "d999a508b596cf58c48acca0ce8a2980546a0b9c"
            },
            "require": {
                "php": ">=8.2"
            },
            "type": "library",
            "extra": {
                "tyhp": {
                    "interopContractVersion": 1,
                    "php-version": ">=8.2",
                    "supported-minors": [
                        "8.2",
                        "8.3",
                        "8.4",
                        "8.5"
                    ],
                    "extensions": [
                        "Core",
                        "date",
                        "filter",
                        "hash",
                        "json",
                        "libxml",
                        "pcre",
                        "random",
                        "Reflection",
                        "SPL",
                        "standard"
                    ],
                    "package": {
                        "include": [
                            "./_tyhpdef/*.tyhpdef"
                        ],
                        "overlay": [
                            "./_tyhpdef/overlays/stubs/*.tyhpdef",
                            "./_tyhpdef/overlays/*.tyhpdef"
                        ]
                    }
                }
            },
            "license": [
                "Apache-2.0"
            ],
            "description": "Tyhp type definitions for always-present PHP built-ins (8.2+) — Core, date, filter, hash, json, libxml, pcre, random, Reflection, SPL, standard. Version-specific APIs are gated via declare(php=…) / #[\\Tyhp\\Php].",
            "keywords": [
                "dev",
                "static analysis"
            ],
            "transport-options": {
                "relative": true
            }
        }
    ],
    "aliases": [],
    "minimum-stability": "stable",
    "stability-flags": {
        "tyhp/compiler": 20,
        "tyhp/core": 20,
        "tyhpdef/php": 20
    },
    "prefer-stable": false,
    "prefer-lowest": false,
    "platform": {
        "php": ">=8.2"
    },
    "platform-dev": {},
    "plugin-api-version": "2.9.0"
}
